
Microsoft Visual Studio Solution File, Format Version 12.00
# Visual Studio Version 17
VisualStudioVersion = 17.11.35327.3
MinimumVisualStudioVersion = 10.0.40219.1
Project("{FAE04EC0-301F-11D3-BF4B-00C04F79EFBC}") = "hotelcsharpL3", "hotelcsharpL3.csproj", "{AB099CC9-F9A4-4A84-9FAD-876EBE60B781}"
EndProject
Global
	GlobalSection(SolutionConfigurationPlatforms) = preSolution
		Debug|Any CPU = Debug|Any CPU
		Release|Any CPU = Release|Any CPU
	EndGlobalSection
	GlobalSection(ProjectConfigurationPlatforms) = postSolution
		{AB099CC9-F9A4-4A84-9FAD-876EBE60B781}.Debug|Any CPU.ActiveCfg = Debug|Any CPU
		{AB099CC9-F9A4-4A84-9FAD-876EBE60B781}.Debug|Any CPU.Build.0 = Debug|Any CPU
		{AB099CC9-F9A4-4A84-9FAD-876EBE60B781}.Release|Any CPU.ActiveCfg = Release|Any CPU
		{AB099CC9-F9A4-4A84-9FAD-876EBE60B781}.Release|Any CPU.Build.0 = Release|Any CPU
	EndGlobalSection
	GlobalSection(SolutionProperties) = preSolution
		HideSolutionNode = FALSE
	EndGlobalSection
	GlobalSection(ExtensibilityGlobals) = postSolution
		SolutionGuid = {2BD3CB8C-946E-4AC0-9397-D37B06113C72}
	EndGlobalSection
EndGlobal
